// !$*UTF8*$!
{
	archiveVersion = 1;
	classes = {
	};
	objectVersion = 56;
	objects = {

/* Begin PBXBuildFile section */
		745F8AAB2AA124C20021B06E /* ScreenshotsViewModel.swift in Sources */ = {isa = PBXBuildFile; fileRef = 745F8AAA2AA124C20021B06E /* ScreenshotsViewModel.swift */; };
		B800B4AA2A8BEA410086A824 /* DiscoverGamesView.swift in Sources */ = {isa = PBXBuildFile; fileRef = B800B4A92A8BEA410086A824 /* DiscoverGamesView.swift */; };
		B800B4AF2A8D8AC40086A824 /* UpcomingGames.swift in Sources */ = {isa = PBXBuildFile; fileRef = B800B4AE2A8D8AC40086A824 /* UpcomingGames.swift */; };
		B800B4B22A8F010D0086A824 /* NewReleaseGames.swift in Sources */ = {isa = PBXBuildFile; fileRef = B800B4B12A8F010D0086A824 /* NewReleaseGames.swift */; };
		B819CF712A8484C6008452B6 /* CarouselScreenshots.swift in Sources */ = {isa = PBXBuildFile; fileRef = B819CF702A8484C6008452B6 /* CarouselScreenshots.swift */; };
		B819CF732A8580CE008452B6 /* FullScreenImageView.swift in Sources */ = {isa = PBXBuildFile; fileRef = B819CF722A8580CE008452B6 /* FullScreenImageView.swift */; };
		B819CF752A87EDD9008452B6 /* GameDetailsTextHeader.swift in Sources */ = {isa = PBXBuildFile; fileRef = B819CF742A87EDD9008452B6 /* GameDetailsTextHeader.swift */; };
		B819CF772A87F485008452B6 /* CarouselGameInfo.swift in Sources */ = {isa = PBXBuildFile; fileRef = B819CF762A87F485008452B6 /* CarouselGameInfo.swift */; };
		B819CF792A880703008452B6 /* GameInfoList.swift in Sources */ = {isa = PBXBuildFile; fileRef = B819CF782A880703008452B6 /* GameInfoList.swift */; };
		B819CF7B2A882D56008452B6 /* GameStoreFrontsModel.swift in Sources */ = {isa = PBXBuildFile; fileRef = B819CF7A2A882D56008452B6 /* GameStoreFrontsModel.swift */; };
		B866D4C12A772F040002220B /* GameLoadingView.swift in Sources */ = {isa = PBXBuildFile; fileRef = B866D4C02A772F040002220B /* GameLoadingView.swift */; };
		B866D4C52A773DB90002220B /* GameTitle.swift in Sources */ = {isa = PBXBuildFile; fileRef = B866D4C42A773DB90002220B /* GameTitle.swift */; };
		B866D4C72A7B27770002220B /* RatingView.swift in Sources */ = {isa = PBXBuildFile; fileRef = B866D4C62A7B27770002220B /* RatingView.swift */; };
		B866D4C92A7C68390002220B /* GameDetailsModel.swift in Sources */ = {isa = PBXBuildFile; fileRef = B866D4C82A7C68390002220B /* GameDetailsModel.swift */; };
		B866D4CC2A7C75B00002220B /* FetchPlatforms.swift in Sources */ = {isa = PBXBuildFile; fileRef = B866D4CB2A7C75B00002220B /* FetchPlatforms.swift */; };
		B866D4D02A7E8A390002220B /* ExpandableText.swift in Sources */ = {isa = PBXBuildFile; fileRef = B866D4CF2A7E8A390002220B /* ExpandableText.swift */; };
		B866D4D22A8048CB0002220B /* GameScreenshotsModel.swift in Sources */ = {isa = PBXBuildFile; fileRef = B866D4D12A8048CB0002220B /* GameScreenshotsModel.swift */; };
		E91525672A6604D500E239F3 /* TheGamingLibraryApp.swift in Sources */ = {isa = PBXBuildFile; fileRef = E91525662A6604D500E239F3 /* TheGamingLibraryApp.swift */; };
		E91525752A66050400E239F3 /* Home.swift in Sources */ = {isa = PBXBuildFile; fileRef = E91525742A66050400E239F3 /* Home.swift */; };
		E91525772A66051000E239F3 /* Search.swift in Sources */ = {isa = PBXBuildFile; fileRef = E91525762A66051000E239F3 /* Search.swift */; };
		E915257D2A66057C00E239F3 /* TGLTab.swift in Sources */ = {isa = PBXBuildFile; fileRef = E915257C2A66057C00E239F3 /* TGLTab.swift */; };
		E91525812A660E7000E239F3 /* DiscoverGameCell.swift in Sources */ = {isa = PBXBuildFile; fileRef = E91525802A660E7000E239F3 /* DiscoverGameCell.swift */; };
		E91525832A661C5A00E239F3 /* SmallDiscoverGameCell.swift in Sources */ = {isa = PBXBuildFile; fileRef = E91525822A661C5A00E239F3 /* SmallDiscoverGameCell.swift */; };
		E91525882A67563700E239F3 /* GameModel.swift in Sources */ = {isa = PBXBuildFile; fileRef = E91525872A67563700E239F3 /* GameModel.swift */; };
		E915258B2A67568F00E239F3 /* NetworkManager.swift in Sources */ = {isa = PBXBuildFile; fileRef = E915258A2A67568F00E239F3 /* NetworkManager.swift */; };
		E97375EE2A741FDA004B6F88 /* GameDetailsView.swift in Sources */ = {isa = PBXBuildFile; fileRef = E97375ED2A741FDA004B6F88 /* GameDetailsView.swift */; };
		E9A12EC72A6824110031C5DB /* GameError.swift in Sources */ = {isa = PBXBuildFile; fileRef = E9A12EC62A6824110031C5DB /* GameError.swift */; };
		E9A12EC92A6825810031C5DB /* GameViewModel.swift in Sources */ = {isa = PBXBuildFile; fileRef = E9A12EC82A6825810031C5DB /* GameViewModel.swift */; };
		E9A12ECC2A69D0910031C5DB /* String+Extensions.swift in Sources */ = {isa = PBXBuildFile; fileRef = E9A12ECB2A69D0910031C5DB /* String+Extensions.swift */; };
/* End PBXBuildFile section */

/* Begin PBXFileReference section */
		745F8AAA2AA124C20021B06E /* ScreenshotsViewModel.swift */ = {isa = PBXFileReference; fileEncoding = 4; lastKnownFileType = sourcecode.swift; path = ScreenshotsViewModel.swift; sourceTree = "<group>"; };
		B800B4A92A8BEA410086A824 /* DiscoverGamesView.swift */ = {isa = PBXFileReference; lastKnownFileType = sourcecode.swift; path = DiscoverGamesView.swift; sourceTree = "<group>"; };
		B800B4AE2A8D8AC40086A824 /* UpcomingGames.swift */ = {isa = PBXFileReference; lastKnownFileType = sourcecode.swift; path = UpcomingGames.swift; sourceTree = "<group>"; };
		B800B4B12A8F010D0086A824 /* NewReleaseGames.swift */ = {isa = PBXFileReference; lastKnownFileType = sourcecode.swift; path = NewReleaseGames.swift; sourceTree = "<group>"; };
		B800B4B92A8F0C4C0086A824 /* Info.plist */ = {isa = PBXFileReference; fileEncoding = 4; lastKnownFileType = text.plist.xml; name = Info.plist; path = ../../.Trash/Info.plist; sourceTree = "<group>"; };
		B800B4C02A8F114D0086A824 /* ScreenshotsViewModel.swift */ = {isa = PBXFileReference; fileEncoding = 4; lastKnownFileType = sourcecode.swift; name = ScreenshotsViewModel.swift; path = ../../../../../../.Trash/ScreenshotsViewModel.swift; sourceTree = "<group>"; };
		B800B4C32A8F176B0086A824 /* Preview Content.swift */ = {isa = PBXFileReference; lastKnownFileType = sourcecode.swift; path = "Preview Content.swift"; sourceTree = "<group>"; };
		B819CF702A8484C6008452B6 /* CarouselScreenshots.swift */ = {isa = PBXFileReference; lastKnownFileType = sourcecode.swift; path = CarouselScreenshots.swift; sourceTree = "<group>"; };
		B819CF722A8580CE008452B6 /* FullScreenImageView.swift */ = {isa = PBXFileReference; lastKnownFileType = sourcecode.swift; path = FullScreenImageView.swift; sourceTree = "<group>"; };
		B819CF742A87EDD9008452B6 /* GameDetailsTextHeader.swift */ = {isa = PBXFileReference; lastKnownFileType = sourcecode.swift; path = GameDetailsTextHeader.swift; sourceTree = "<group>"; };
		B819CF762A87F485008452B6 /* CarouselGameInfo.swift */ = {isa = PBXFileReference; lastKnownFileType = sourcecode.swift; path = CarouselGameInfo.swift; sourceTree = "<group>"; };
		B819CF782A880703008452B6 /* GameInfoList.swift */ = {isa = PBXFileReference; lastKnownFileType = sourcecode.swift; path = GameInfoList.swift; sourceTree = "<group>"; };
		B819CF7A2A882D56008452B6 /* GameStoreFrontsModel.swift */ = {isa = PBXFileReference; lastKnownFileType = sourcecode.swift; path = GameStoreFrontsModel.swift; sourceTree = "<group>"; };
		B866D4C02A772F040002220B /* GameLoadingView.swift */ = {isa = PBXFileReference; lastKnownFileType = sourcecode.swift; path = GameLoadingView.swift; sourceTree = "<group>"; };
		B866D4C42A773DB90002220B /* GameTitle.swift */ = {isa = PBXFileReference; lastKnownFileType = sourcecode.swift; path = GameTitle.swift; sourceTree = "<group>"; };
		B866D4C62A7B27770002220B /* RatingView.swift */ = {isa = PBXFileReference; lastKnownFileType = sourcecode.swift; path = RatingView.swift; sourceTree = "<group>"; };
		B866D4C82A7C68390002220B /* GameDetailsModel.swift */ = {isa = PBXFileReference; lastKnownFileType = sourcecode.swift; path = GameDetailsModel.swift; sourceTree = "<group>"; };
		B866D4CB2A7C75B00002220B /* FetchPlatforms.swift */ = {isa = PBXFileReference; lastKnownFileType = sourcecode.swift; path = FetchPlatforms.swift; sourceTree = "<group>"; };
		B866D4CF2A7E8A390002220B /* ExpandableText.swift */ = {isa = PBXFileReference; lastKnownFileType = sourcecode.swift; path = ExpandableText.swift; sourceTree = "<group>"; };
		B866D4D12A8048CB0002220B /* GameScreenshotsModel.swift */ = {isa = PBXFileReference; lastKnownFileType = sourcecode.swift; path = GameScreenshotsModel.swift; sourceTree = "<group>"; };
		E91525632A6604D500E239F3 /* TheGamingLibrary.app */ = {isa = PBXFileReference; explicitFileType = wrapper.application; includeInIndex = 0; path = TheGamingLibrary.app; sourceTree = BUILT_PRODUCTS_DIR; };
		E91525662A6604D500E239F3 /* TheGamingLibraryApp.swift */ = {isa = PBXFileReference; lastKnownFileType = sourcecode.swift; path = TheGamingLibraryApp.swift; sourceTree = "<group>"; };
		E91525742A66050400E239F3 /* Home.swift */ = {isa = PBXFileReference; lastKnownFileType = sourcecode.swift; path = Home.swift; sourceTree = "<group>"; };
		E91525762A66051000E239F3 /* Search.swift */ = {isa = PBXFileReference; lastKnownFileType = sourcecode.swift; path = Search.swift; sourceTree = "<group>"; };
		E915257C2A66057C00E239F3 /* TGLTab.swift */ = {isa = PBXFileReference; lastKnownFileType = sourcecode.swift; path = TGLTab.swift; sourceTree = "<group>"; };
		E91525802A660E7000E239F3 /* DiscoverGameCell.swift */ = {isa = PBXFileReference; lastKnownFileType = sourcecode.swift; path = DiscoverGameCell.swift; sourceTree = "<group>"; };
		E91525822A661C5A00E239F3 /* SmallDiscoverGameCell.swift */ = {isa = PBXFileReference; lastKnownFileType = sourcecode.swift; path = SmallDiscoverGameCell.swift; sourceTree = "<group>"; };
		E91525842A66FE3F00E239F3 /* Assets.xcassets */ = {isa = PBXFileReference; lastKnownFileType = folder.assetcatalog; path = Assets.xcassets; sourceTree = "<group>"; };
		E91525872A67563700E239F3 /* GameModel.swift */ = {isa = PBXFileReference; lastKnownFileType = sourcecode.swift; path = GameModel.swift; sourceTree = "<group>"; };
		E915258A2A67568F00E239F3 /* NetworkManager.swift */ = {isa = PBXFileReference; lastKnownFileType = sourcecode.swift; path = NetworkManager.swift; sourceTree = "<group>"; };
		E97375ED2A741FDA004B6F88 /* GameDetailsView.swift */ = {isa = PBXFileReference; lastKnownFileType = sourcecode.swift; path = GameDetailsView.swift; sourceTree = "<group>"; };
		E9A12EC62A6824110031C5DB /* GameError.swift */ = {isa = PBXFileReference; lastKnownFileType = sourcecode.swift; path = GameError.swift; sourceTree = "<group>"; };
		E9A12EC82A6825810031C5DB /* GameViewModel.swift */ = {isa = PBXFileReference; lastKnownFileType = sourcecode.swift; path = GameViewModel.swift; sourceTree = "<group>"; };
		E9A12ECB2A69D0910031C5DB /* String+Extensions.swift */ = {isa = PBXFileReference; lastKnownFileType = sourcecode.swift; path = "String+Extensions.swift"; sourceTree = "<group>"; };
/* End PBXFileReference section */

/* Begin PBXFrameworksBuildPhase section */
		E91525602A6604D500E239F3 /* Frameworks */ = {
			isa = PBXFrameworksBuildPhase;
			buildActionMask = 2147483647;
			files = (
			);
			runOnlyForDeploymentPostprocessing = 0;
		};
/* End PBXFrameworksBuildPhase section */

/* Begin PBXGroup section */
		B800B4AD2A8D8A960086A824 /* Upcoming Games */ = {
			isa = PBXGroup;
			children = (
				B800B4AE2A8D8AC40086A824 /* UpcomingGames.swift */,
			);
			path = "Upcoming Games";
			sourceTree = "<group>";
		};
		B800B4B02A8F00DE0086A824 /* New Release */ = {
			isa = PBXGroup;
			children = (
				B800B4B12A8F010D0086A824 /* NewReleaseGames.swift */,
			);
			path = "New Release";
			sourceTree = "<group>";
		};
		B800B4B32A8F08390086A824 /* GameScreenshots */ = {
			isa = PBXGroup;
			children = (
				B819CF702A8484C6008452B6 /* CarouselScreenshots.swift */,
				B819CF722A8580CE008452B6 /* FullScreenImageView.swift */,
				B800B4C02A8F114D0086A824 /* ScreenshotsViewModel.swift */,
			);
			path = GameScreenshots;
			sourceTree = "<group>";
		};
		B800B4B42A8F088C0086A824 /* Main Tab Pages */ = {
			isa = PBXGroup;
			children = (
				E915257C2A66057C00E239F3 /* TGLTab.swift */,
				E91525742A66050400E239F3 /* Home.swift */,
				E91525762A66051000E239F3 /* Search.swift */,
			);
			path = "Main Tab Pages";
			sourceTree = "<group>";
		};
		B800B4B52A8F09620086A824 /* Game Details View */ = {
			isa = PBXGroup;
			children = (
				E97375ED2A741FDA004B6F88 /* GameDetailsView.swift */,
				B866D4C62A7B27770002220B /* RatingView.swift */,
				B819CF742A87EDD9008452B6 /* GameDetailsTextHeader.swift */,
				B819CF762A87F485008452B6 /* CarouselGameInfo.swift */,
				B819CF782A880703008452B6 /* GameInfoList.swift */,
			);
			path = "Game Details View";
			sourceTree = "<group>";
		};
		B800B4BF2A8F0DC30086A824 /* Discover Games */ = {
			isa = PBXGroup;
			children = (
				E91525662A6604D500E239F3 /* TheGamingLibraryApp.swift */,
			);
			path = "Discover Games";
			sourceTree = "<group>";
		};
		B866D4BF2A772EF10002220B /* Loading Views */ = {
			isa = PBXGroup;
			children = (
				B866D4C02A772F040002220B /* GameLoadingView.swift */,
			);
			path = "Loading Views";
			sourceTree = "<group>";
		};
		B866D4C32A773DA90002220B /* Text */ = {
			isa = PBXGroup;
			children = (
				B866D4C42A773DB90002220B /* GameTitle.swift */,
				B866D4CF2A7E8A390002220B /* ExpandableText.swift */,
			);
			path = Text;
			sourceTree = "<group>";
		};
		B866D4CA2A7C75910002220B /* Helper */ = {
			isa = PBXGroup;
			children = (
				B866D4CB2A7C75B00002220B /* FetchPlatforms.swift */,
			);
			path = Helper;
			sourceTree = "<group>";
		};
		B866D4D32A8159D80002220B /* Image */ = {
			isa = PBXGroup;
			children = (
				B800B4B32A8F08390086A824 /* GameScreenshots */,
			);
			path = Image;
			sourceTree = "<group>";
		};
		E915255A2A6604D500E239F3 = {
			isa = PBXGroup;
			children = (
				B800B4C32A8F176B0086A824 /* Preview Content.swift */,
				E91525652A6604D500E239F3 /* TheGamingLibrary */,
				E91525842A66FE3F00E239F3 /* Assets.xcassets */,
				B800B4B92A8F0C4C0086A824 /* Info.plist */,
				E91525642A6604D500E239F3 /* Products */,
			);
			sourceTree = "<group>";
		};
		E91525642A6604D500E239F3 /* Products */ = {
			isa = PBXGroup;
			children = (
				E91525632A6604D500E239F3 /* TheGamingLibrary.app */,
			);
			name = Products;
			sourceTree = "<group>";
		};
		E91525652A6604D500E239F3 /* TheGamingLibrary */ = {
			isa = PBXGroup;
			children = (
				B866D4CA2A7C75910002220B /* Helper */,
				E9A12ECA2A69D0840031C5DB /* Extensions */,
				E9A12EC42A6823F90031C5DB /* Utilities */,
				E91525892A67567500E239F3 /* Managers */,
				E91525862A67562B00E239F3 /* Model */,
				E915257E2A660E5400E239F3 /* Views */,
			);
			path = TheGamingLibrary;
			sourceTree = "<group>";
		};
		E915257E2A660E5400E239F3 /* Views */ = {
			isa = PBXGroup;
			children = (
				B800B4BF2A8F0DC30086A824 /* Discover Games */,
				B800B4B52A8F09620086A824 /* Game Details View */,
				B800B4B42A8F088C0086A824 /* Main Tab Pages */,
				B800B4B02A8F00DE0086A824 /* New Release */,
				B800B4AD2A8D8A960086A824 /* Upcoming Games */,
				B866D4D32A8159D80002220B /* Image */,
				B866D4C32A773DA90002220B /* Text */,
				B866D4BF2A772EF10002220B /* Loading Views */,
				E915257F2A660E5E00E239F3 /* Cells */,
				B800B4A92A8BEA410086A824 /* DiscoverGamesView.swift */,
			);
			path = Views;
			sourceTree = "<group>";
		};
		E915257F2A660E5E00E239F3 /* Cells */ = {
			isa = PBXGroup;
			children = (
				E91525802A660E7000E239F3 /* DiscoverGameCell.swift */,
				E91525822A661C5A00E239F3 /* SmallDiscoverGameCell.swift */,
			);
			path = Cells;
			sourceTree = "<group>";
		};
		E91525862A67562B00E239F3 /* Model */ = {
			isa = PBXGroup;
			children = (
				E91525872A67563700E239F3 /* GameModel.swift */,
				B866D4C82A7C68390002220B /* GameDetailsModel.swift */,
				B866D4D12A8048CB0002220B /* GameScreenshotsModel.swift */,
				B819CF7A2A882D56008452B6 /* GameStoreFrontsModel.swift */,
			);
			path = Model;
			sourceTree = "<group>";
		};
		E91525892A67567500E239F3 /* Managers */ = {
			isa = PBXGroup;
			children = (
				E9A12EC82A6825810031C5DB /* GameViewModel.swift */,
				745F8AAA2AA124C20021B06E /* ScreenshotsViewModel.swift */,
				E915258A2A67568F00E239F3 /* NetworkManager.swift */,
			);
			path = Managers;
			sourceTree = "<group>";
		};
		E9A12EC42A6823F90031C5DB /* Utilities */ = {
			isa = PBXGroup;
			children = (
				E9A12EC52A6823FF0031C5DB /* Alerts */,
			);
			path = Utilities;
			sourceTree = "<group>";
		};
		E9A12EC52A6823FF0031C5DB /* Alerts */ = {
			isa = PBXGroup;
			children = (
				E9A12EC62A6824110031C5DB /* GameError.swift */,
			);
			path = Alerts;
			sourceTree = "<group>";
		};
		E9A12ECA2A69D0840031C5DB /* Extensions */ = {
			isa = PBXGroup;
			children = (
				E9A12ECB2A69D0910031C5DB /* String+Extensions.swift */,
			);
			path = Extensions;
			sourceTree = "<group>";
		};
/* End PBXGroup section */

/* Begin PBXNativeTarget section */
		E91525622A6604D500E239F3 /* TheGamingLibrary */ = {
			isa = PBXNativeTarget;
			buildConfigurationList = E91525712A6604D700E239F3 /* Build configuration list for PBXNativeTarget "TheGamingLibrary" */;
			buildPhases = (
				E915255F2A6604D500E239F3 /* Sources */,
				E91525602A6604D500E239F3 /* Frameworks */,
			);
			buildRules = (
			);
			dependencies = (
			);
			name = TheGamingLibrary;
			productName = TheGamingLibrary;
			productReference = E91525632A6604D500E239F3 /* TheGamingLibrary.app */;
			productType = "com.apple.product-type.application";
		};
/* End PBXNativeTarget section */

/* Begin PBXProject section */
		E915255B2A6604D500E239F3 /* Project object */ = {
			isa = PBXProject;
			attributes = {
				BuildIndependentTargetsInParallel = 1;
				LastSwiftUpdateCheck = 1430;
				LastUpgradeCheck = 1430;
				TargetAttributes = {
					E91525622A6604D500E239F3 = {
						CreatedOnToolsVersion = 14.3.1;
					};
				};
			};
			buildConfigurationList = E915255E2A6604D500E239F3 /* Build configuration list for PBXProject "TheGamingLibrary" */;
			compatibilityVersion = "Xcode 14.0";
			developmentRegion = en;
			hasScannedForEncodings = 0;
			knownRegions = (
				en,
				Base,
			);
			mainGroup = E915255A2A6604D500E239F3;
			productRefGroup = E91525642A6604D500E239F3 /* Products */;
			projectDirPath = "";
			projectRoot = "";
			targets = (
				E91525622A6604D500E239F3 /* TheGamingLibrary */,
			);
		};
/* End PBXProject section */

/* Begin PBXSourcesBuildPhase section */
		E915255F2A6604D500E239F3 /* Sources */ = {
			isa = PBXSourcesBuildPhase;
			buildActionMask = 2147483647;
			files = (
				E9A12EC92A6825810031C5DB /* GameViewModel.swift in Sources */,
				E97375EE2A741FDA004B6F88 /* GameDetailsView.swift in Sources */,
				B819CF752A87EDD9008452B6 /* GameDetailsTextHeader.swift in Sources */,
				B866D4D02A7E8A390002220B /* ExpandableText.swift in Sources */,
				B866D4CC2A7C75B00002220B /* FetchPlatforms.swift in Sources */,
				B819CF772A87F485008452B6 /* CarouselGameInfo.swift in Sources */,
				E9A12ECC2A69D0910031C5DB /* String+Extensions.swift in Sources */,
				B800B4AA2A8BEA410086A824 /* DiscoverGamesView.swift in Sources */,
				E91525832A661C5A00E239F3 /* SmallDiscoverGameCell.swift in Sources */,
				E91525772A66051000E239F3 /* Search.swift in Sources */,
				E915258B2A67568F00E239F3 /* NetworkManager.swift in Sources */,
				B866D4C52A773DB90002220B /* GameTitle.swift in Sources */,
				E91525882A67563700E239F3 /* GameModel.swift in Sources */,
				B866D4C92A7C68390002220B /* GameDetailsModel.swift in Sources */,
				E91525812A660E7000E239F3 /* DiscoverGameCell.swift in Sources */,
				B819CF732A8580CE008452B6 /* FullScreenImageView.swift in Sources */,
				B866D4C12A772F040002220B /* GameLoadingView.swift in Sources */,
				B800B4B22A8F010D0086A824 /* NewReleaseGames.swift in Sources */,
				E9A12EC72A6824110031C5DB /* GameError.swift in Sources */,
				B866D4C72A7B27770002220B /* RatingView.swift in Sources */,
				E91525752A66050400E239F3 /* Home.swift in Sources */,
				E91525672A6604D500E239F3 /* TheGamingLibraryApp.swift in Sources */,
				B819CF712A8484C6008452B6 /* CarouselScreenshots.swift in Sources */,
				745F8AAB2AA124C20021B06E /* ScreenshotsViewModel.swift in Sources */,
				B866D4D22A8048CB0002220B /* GameScreenshotsModel.swift in Sources */,
				B800B4AF2A8D8AC40086A824 /* UpcomingGames.swift in Sources */,
				B819CF7B2A882D56008452B6 /* GameStoreFrontsModel.swift in Sources */,
				E915257D2A66057C00E239F3 /* TGLTab.swift in Sources */,
				B819CF792A880703008452B6 /* GameInfoList.swift in Sources */,
			);
			runOnlyForDeploymentPostprocessing = 0;
		};
/* End PBXSourcesBuildPhase section */

/* Begin XCBuildConfiguration section */
		E915256F2A6604D700E239F3 /* Debug */ = {
			isa = XCBuildConfiguration;
			buildSettings = {
				ALWAYS_SEARCH_USER_PATHS = NO;
				CLANG_ANALYZER_NONNULL = YES;
				CLANG_ANALYZER_NUMBER_OBJECT_CONVERSION = YES_AGGRESSIVE;
				CLANG_CXX_LANGUAGE_STANDARD = "gnu++20";
				CLANG_ENABLE_MODULES = YES;
				CLANG_ENABLE_OBJC_ARC = YES;
				CLANG_ENABLE_OBJC_WEAK = YES;
				CLANG_WARN_BLOCK_CAPTURE_AUTORELEASING = YES;
				CLANG_WARN_BOOL_CONVERSION = YES;
				CLANG_WARN_COMMA = YES;
				CLANG_WARN_CONSTANT_CONVERSION = YES;
				CLANG_WARN_DEPRECATED_OBJC_IMPLEMENTATIONS = YES;
				CLANG_WARN_DIRECT_OBJC_ISA_USAGE = YES_ERROR;
				CLANG_WARN_DOCUMENTATION_COMMENTS = YES;
				CLANG_WARN_EMPTY_BODY = YES;
				CLANG_WARN_ENUM_CONVERSION = YES;
				CLANG_WARN_INFINITE_RECURSION = YES;
				CLANG_WARN_INT_CONVERSION = YES;
				CLANG_WARN_NON_LITERAL_NULL_CONVERSION = YES;
				CLANG_WARN_OBJC_IMPLICIT_RETAIN_SELF = YES;
				CLANG_WARN_OBJC_LITERAL_CONVERSION = YES;
				CLANG_WARN_OBJC_ROOT_CLASS = YES_ERROR;
				CLANG_WARN_QUOTED_INCLUDE_IN_FRAMEWORK_HEADER = YES;
				CLANG_WARN_RANGE_LOOP_ANALYSIS = YES;
				CLANG_WARN_STRICT_PROTOTYPES = YES;
				CLANG_WARN_SUSPICIOUS_MOVE = YES;
				CLANG_WARN_UNGUARDED_AVAILABILITY = YES_AGGRESSIVE;
				CLANG_WARN_UNREACHABLE_CODE = YES;
				CLANG_WARN__DUPLICATE_METHOD_MATCH = YES;
				COPY_PHASE_STRIP = NO;
				DEBUG_INFORMATION_FORMAT = dwarf;
				ENABLE_STRICT_OBJC_MSGSEND = YES;
				ENABLE_TESTABILITY = YES;
				GCC_C_LANGUAGE_STANDARD = gnu11;
				GCC_DYNAMIC_NO_PIC = NO;
				GCC_NO_COMMON_BLOCKS = YES;
				GCC_OPTIMIZATION_LEVEL = 0;
				GCC_PREPROCESSOR_DEFINITIONS = (
					"DEBUG=1",
					"$(inherited)",
				);
				GCC_WARN_64_TO_32_BIT_CONVERSION = YES;
				GCC_WARN_ABOUT_RETURN_TYPE = YES_ERROR;
				GCC_WARN_UNDECLARED_SELECTOR = YES;
				GCC_WARN_UNINITIALIZED_AUTOS = YES_AGGRESSIVE;
				GCC_WARN_UNUSED_FUNCTION = YES;
				GCC_WARN_UNUSED_VARIABLE = YES;
				IPHONEOS_DEPLOYMENT_TARGET = 16.4;
				MTL_ENABLE_DEBUG_INFO = INCLUDE_SOURCE;
				MTL_FAST_MATH = YES;
				ONLY_ACTIVE_ARCH = YES;
				SDKROOT = iphoneos;
				SWIFT_ACTIVE_COMPILATION_CONDITIONS = DEBUG;
				SWIFT_OPTIMIZATION_LEVEL = "-Onone";
			};
			name = Debug;
		};
		E91525702A6604D700E239F3 /* Release */ = {
			isa = XCBuildConfiguration;
			buildSettings = {
				ALWAYS_SEARCH_USER_PATHS = NO;
				CLANG_ANALYZER_NONNULL = YES;
				CLANG_ANALYZER_NUMBER_OBJECT_CONVERSION = YES_AGGRESSIVE;
				CLANG_CXX_LANGUAGE_STANDARD = "gnu++20";
				CLANG_ENABLE_MODULES = YES;
				CLANG_ENABLE_OBJC_ARC = YES;
				CLANG_ENABLE_OBJC_WEAK = YES;
				CLANG_WARN_BLOCK_CAPTURE_AUTORELEASING = YES;
				CLANG_WARN_BOOL_CONVERSION = YES;
				CLANG_WARN_COMMA = YES;
				CLANG_WARN_CONSTANT_CONVERSION = YES;
				CLANG_WARN_DEPRECATED_OBJC_IMPLEMENTATIONS = YES;
				CLANG_WARN_DIRECT_OBJC_ISA_USAGE = YES_ERROR;
				CLANG_WARN_DOCUMENTATION_COMMENTS = YES;
				CLANG_WARN_EMPTY_BODY = YES;
				CLANG_WARN_ENUM_CONVERSION = YES;
				CLANG_WARN_INFINITE_RECURSION = YES;
				CLANG_WARN_INT_CONVERSION = YES;
				CLANG_WARN_NON_LITERAL_NULL_CONVERSION = YES;
				CLANG_WARN_OBJC_IMPLICIT_RETAIN_SELF = YES;
				CLANG_WARN_OBJC_LITERAL_CONVERSION = YES;
				CLANG_WARN_OBJC_ROOT_CLASS = YES_ERROR;
				CLANG_WARN_QUOTED_INCLUDE_IN_FRAMEWORK_HEADER = YES;
				CLANG_WARN_RANGE_LOOP_ANALYSIS = YES;
				CLANG_WARN_STRICT_PROTOTYPES = YES;
				CLANG_WARN_SUSPICIOUS_MOVE = YES;
				CLANG_WARN_UNGUARDED_AVAILABILITY = YES_AGGRESSIVE;
				CLANG_WARN_UNREACHABLE_CODE = YES;
				CLANG_WARN__DUPLICATE_METHOD_MATCH = YES;
				COPY_PHASE_STRIP = NO;
				DEBUG_INFORMATION_FORMAT = "dwarf-with-dsym";
				ENABLE_NS_ASSERTIONS = NO;
				ENABLE_STRICT_OBJC_MSGSEND = YES;
				GCC_C_LANGUAGE_STANDARD = gnu11;
				GCC_NO_COMMON_BLOCKS = YES;
				GCC_WARN_64_TO_32_BIT_CONVERSION = YES;
				GCC_WARN_ABOUT_RETURN_TYPE = YES_ERROR;
				GCC_WARN_UNDECLARED_SELECTOR = YES;
				GCC_WARN_UNINITIALIZED_AUTOS = YES_AGGRESSIVE;
				GCC_WARN_UNUSED_FUNCTION = YES;
				GCC_WARN_UNUSED_VARIABLE = YES;
				IPHONEOS_DEPLOYMENT_TARGET = 16.4;
				MTL_ENABLE_DEBUG_INFO = NO;
				MTL_FAST_MATH = YES;
				SDKROOT = iphoneos;
				SWIFT_COMPILATION_MODE = wholemodule;
				SWIFT_OPTIMIZATION_LEVEL = "-O";
				VALIDATE_PRODUCT = YES;
			};
			name = Release;
		};
		E91525722A6604D700E239F3 /* Debug */ = {
			isa = XCBuildConfiguration;
			buildSettings = {
				ASSETCATALOG_COMPILER_APPICON_NAME = AppIcon;
				ASSETCATALOG_COMPILER_GLOBAL_ACCENT_COLOR_NAME = AccentColor;
				CODE_SIGN_STYLE = Automatic;
				CURRENT_PROJECT_VERSION = 1;
				DEVELOPMENT_TEAM = T3UM763386;
				ENABLE_PREVIEWS = YES;
				GENERATE_INFOPLIST_FILE = YES;
				INFOPLIST_FILE = TheGamingLibrary/Info.plist;
				INFOPLIST_KEY_UIApplicationSceneManifest_Generation = YES;
				INFOPLIST_KEY_UIApplicationSupportsIndirectInputEvents = YES;
				INFOPLIST_KEY_UILaunchScreen_Generation = YES;
				INFOPLIST_KEY_UISupportedInterfaceOrientations = UIInterfaceOrientationPortrait;
				INFOPLIST_KEY_UISupportedInterfaceOrientations_iPad = "UIInterfaceOrientationLandscapeLeft UIInterfaceOrientationLandscapeRight UIInterfaceOrientationPortrait UIInterfaceOrientationPortraitUpsideDown";
				INFOPLIST_KEY_UIUserInterfaceStyle = Dark;
				LD_RUNPATH_SEARCH_PATHS = (
					"$(inherited)",
					"@executable_path/Frameworks",
				);
				MARKETING_VERSION = 1.0;
				PRODUCT_BUNDLE_IDENTIFIER = com.JosephBouhanef.TheGamingLibrary;
				PRODUCT_NAME = "$(TARGET_NAME)";
				SUPPORTED_PLATFORMS = "iphoneos iphonesimulator";
				SUPPORTS_MACCATALYST = NO;
				SUPPORTS_MAC_DESIGNED_FOR_IPHONE_IPAD = NO;
				SWIFT_EMIT_LOC_STRINGS = YES;
				SWIFT_VERSION = 5.0;
				TARGETED_DEVICE_FAMILY = 1;
			};
			name = Debug;
		};
		E91525732A6604D700E239F3 /* Release */ = {
			isa = XCBuildConfiguration;
			buildSettings = {
				ASSETCATALOG_COMPILER_APPICON_NAME = AppIcon;
				ASSETCATALOG_COMPILER_GLOBAL_ACCENT_COLOR_NAME = AccentColor;
				CODE_SIGN_STYLE = Automatic;
				CURRENT_PROJECT_VERSION = 1;
				DEVELOPMENT_TEAM = T3UM763386;
				ENABLE_PREVIEWS = YES;
				GENERATE_INFOPLIST_FILE = YES;
				INFOPLIST_FILE = TheGamingLibrary/Info.plist;
				INFOPLIST_KEY_UIApplicationSceneManifest_Generation = YES;
				INFOPLIST_KEY_UIApplicationSupportsIndirectInputEvents = YES;
				INFOPLIST_KEY_UILaunchScreen_Generation = YES;
				INFOPLIST_KEY_UISupportedInterfaceOrientations = UIInterfaceOrientationPortrait;
				INFOPLIST_KEY_UISupportedInterfaceOrientations_iPad = "UIInterfaceOrientationLandscapeLeft UIInterfaceOrientationLandscapeRight UIInterfaceOrientationPortrait UIInterfaceOrientationPortraitUpsideDown";
				INFOPLIST_KEY_UIUserInterfaceStyle = Dark;
				LD_RUNPATH_SEARCH_PATHS = (
					"$(inherited)",
					"@executable_path/Frameworks",
				);
				MARKETING_VERSION = 1.0;
				PRODUCT_BUNDLE_IDENTIFIER = com.JosephBouhanef.TheGamingLibrary;
				PRODUCT_NAME = "$(TARGET_NAME)";
				SUPPORTED_PLATFORMS = "iphoneos iphonesimulator";
				SUPPORTS_MACCATALYST = NO;
				SUPPORTS_MAC_DESIGNED_FOR_IPHONE_IPAD = NO;
				SWIFT_EMIT_LOC_STRINGS = YES;
				SWIFT_VERSION = 5.0;
				TARGETED_DEVICE_FAMILY = 1;
			};
			name = Release;
		};
/* End XCBuildConfiguration section */

/* Begin XCConfigurationList section */
		E915255E2A6604D500E239F3 /* Build configuration list for PBXProject "TheGamingLibrary" */ = {
			isa = XCConfigurationList;
			buildConfigurations = (
				E915256F2A6604D700E239F3 /* Debug */,
				E91525702A6604D700E239F3 /* Release */,
			);
			defaultConfigurationIsVisible = 0;
			defaultConfigurationName = Release;
		};
		E91525712A6604D700E239F3 /* Build configuration list for PBXNativeTarget "TheGamingLibrary" */ = {
			isa = XCConfigurationList;
			buildConfigurations = (
				E91525722A6604D700E239F3 /* Debug */,
				E91525732A6604D700E239F3 /* Release */,
			);
			defaultConfigurationIsVisible = 0;
			defaultConfigurationName = Release;
		};
/* End XCConfigurationList section */
	};
	rootObject = E915255B2A6604D500E239F3 /* Project object */;
}
